
Microsoft Visual Studio Solution File, Format Version 12.00
# Visual Studio Version 17
VisualStudioVersion = 17.7.34202.233
MinimumVisualStudioVersion = 10.0.40219.1
Project("{9A19103F-16F7-4668-BE54-9A1E7A4F7556}") = "CarRentalManagement.Server", "CarRentalManagement\Server\CarRentalManagement.Server.csproj", "{FBD179ED-E227-4712-975C-E61E1E639D33}"
EndProject
Project("{9A19103F-16F7-4668-BE54-9A1E7A4F7556}") = "CarRentalManagement.Client", "CarRentalManagement\Client\CarRentalManagement.Client.csproj", "{57FF9BAB-1207-4B73-96E5-FEC65677ABC8}"
EndProject
Project("{9A19103F-16F7-4668-BE54-9A1E7A4F7556}") = "CarRentalManagement.Shared", "CarRentalManagement\Shared\CarRentalManagement.Shared.csproj", "{36B3861C-BDB3-4095-9576-40FA047479EA}"
EndProject
Global
	GlobalSection(SolutionConfigurationPlatforms) = preSolution
		Debug|Any CPU = Debug|Any CPU
		Release|Any CPU = Release|Any CPU
	EndGlobalSection
	GlobalSection(ProjectConfigurationPlatforms) = postSolution
		{FBD179ED-E227-4712-975C-E61E1E639D33}.Debug|Any CPU.ActiveCfg = Debug|Any CPU
		{FBD179ED-E227-4712-975C-E61E1E639D33}.Debug|Any CPU.Build.0 = Debug|Any CPU
		{FBD179ED-E227-4712-975C-E61E1E639D33}.Release|Any CPU.ActiveCfg = Release|Any CPU
		{FBD179ED-E227-4712-975C-E61E1E639D33}.Release|Any CPU.Build.0 = Release|Any CPU
		{57FF9BAB-1207-4B73-96E5-FEC65677ABC8}.Debug|Any CPU.ActiveCfg = Debug|Any CPU
		{57FF9BAB-1207-4B73-96E5-FEC65677ABC8}.Debug|Any CPU.Build.0 = Debug|Any CPU
		{57FF9BAB-1207-4B73-96E5-FEC65677ABC8}.Release|Any CPU.ActiveCfg = Release|Any CPU
		{57FF9BAB-1207-4B73-96E5-FEC65677ABC8}.Release|Any CPU.Build.0 = Release|Any CPU
		{36B3861C-BDB3-4095-9576-40FA047479EA}.Debug|Any CPU.ActiveCfg = Debug|Any CPU
		{36B3861C-BDB3-4095-9576-40FA047479EA}.Debug|Any CPU.Build.0 = Debug|Any CPU
		{36B3861C-BDB3-4095-9576-40FA047479EA}.Release|Any CPU.ActiveCfg = Release|Any CPU
		{36B3861C-BDB3-4095-9576-40FA047479EA}.Release|Any CPU.Build.0 = Release|Any CPU
	EndGlobalSection
	GlobalSection(SolutionProperties) = preSolution
		HideSolutionNode = FALSE
	EndGlobalSection
	GlobalSection(ExtensibilityGlobals) = postSolution
		SolutionGuid = {89FCE488-C9F8-4380-8A8F-EBEEBD57FC0F}
	EndGlobalSection
EndGlobal
